PODS:
  - SVProgressHUD (2.2.5)
  - SwiftLint (0.33.0)

DEPENDENCIES:
  - SVProgressHUD
  - SwiftLint

SPEC REPOS:
  https://github.com/cocoapods/specs.git:
    - SVProgressHUD
    - SwiftLint

SPEC CHECKSUMS:
  SVProgressHUD: 1428aafac632c1f86f62aa4243ec12008d7a51d6
  SwiftLint: fed9c66336e41fc74dc48a73678380718f0c8b0e

PODFILE CHECKSUM: 6dc53fc587b3118f314aa6143c035c99bed35677

COCOAPODS: 1.7.4
