// !$*UTF8*$!
{
	archiveVersion = 1;
	classes = {
	};
	objectVersion = 50;
	objects = {

/* Begin PBXBuildFile section */
		126403A066DFF32279FE2730 /* Pods_Weather.framework in Frameworks */ = {isa = PBXBuildFile; fileRef = D752A353B72E9D2CAEE9DE96 /* Pods_Weather.framework */; };
		61D62B6479C5F6779D58DFEA /* Pods_WeatherTests.framework in Frameworks */ = {isa = PBXBuildFile; fileRef = 979141A1C40F53DB26479B29 /* Pods_WeatherTests.framework */; };
		7D0E142EF70CED222501AE7F /* Pods_WeatherUITests.framework in Frameworks */ = {isa = PBXBuildFile; fileRef = B0D8DE66C5FD53822054592F /* Pods_WeatherUITests.framework */; };
		AF415EFB20D7D8CF00BFA658 /* AppDelegate.swift in Sources */ = {isa = PBXBuildFile; fileRef = AF415EFA20D7D8CF00BFA658 /* AppDelegate.swift */; };
		AF415EFD20D7D8CF00BFA658 /* ViewController.swift in Sources */ = {isa = PBXBuildFile; fileRef = AF415EFC20D7D8CF00BFA658 /* ViewController.swift */; };
		AF415F0020D7D8CF00BFA658 /* Main.storyboard in Resources */ = {isa = PBXBuildFile; fileRef = AF415EFE20D7D8CF00BFA658 /* Main.storyboard */; };
		AF415F0320D7D8CF00BFA658 /* Weather.xcdatamodeld in Sources */ = {isa = PBXBuildFile; fileRef = AF415F0120D7D8CF00BFA658 /* Weather.xcdatamodeld */; };
		AF415F0520D7D8D100BFA658 /* Assets.xcassets in Resources */ = {isa = PBXBuildFile; fileRef = AF415F0420D7D8D100BFA658 /* Assets.xcassets */; };
		AF415F0820D7D8D100BFA658 /* LaunchScreen.storyboard in Resources */ = {isa = PBXBuildFile; fileRef = AF415F0620D7D8D100BFA658 /* LaunchScreen.storyboard */; };
		AF415F1320D7D8D100BFA658 /* WeatherTests.swift in Sources */ = {isa = PBXBuildFile; fileRef = AF415F1220D7D8D100BFA658 /* WeatherTests.swift */; };
		AF415F1E20D7D8D100BFA658 /* WeatherUITests.swift in Sources */ = {isa = PBXBuildFile; fileRef = AF415F1D20D7D8D100BFA658 /* WeatherUITests.swift */; };
		AF415F2C20D7DB3300BFA658 /* .gitignore in Resources */ = {isa = PBXBuildFile; fileRef = AF415F2B20D7DB3300BFA658 /* .gitignore */; };
		AF415F3820D7DCE300BFA658 /* WeatherInformationTableViewController.swift in Sources */ = {isa = PBXBuildFile; fileRef = AF415F3720D7DCE300BFA658 /* WeatherInformationTableViewController.swift */; };
		AF415F3D20D7E18900BFA658 /* Result.swift in Sources */ = {isa = PBXBuildFile; fileRef = AF415F3C20D7E18900BFA658 /* Result.swift */; };
		AF415F3F20D7E19900BFA658 /* APIManager.swift in Sources */ = {isa = PBXBuildFile; fileRef = AF415F3E20D7E19900BFA658 /* APIManager.swift */; };
		AF415F4120D7E1AE00BFA658 /* NetworkManager.swift in Sources */ = {isa = PBXBuildFile; fileRef = AF415F4020D7E1AE00BFA658 /* NetworkManager.swift */; };
		AF415F4320D7E1BE00BFA658 /* NetworkEndPoint.swift in Sources */ = {isa = PBXBuildFile; fileRef = AF415F4220D7E1BE00BFA658 /* NetworkEndPoint.swift */; };
		AF415F4520D7E1CC00BFA658 /* NetworkMethod.swift in Sources */ = {isa = PBXBuildFile; fileRef = AF415F4420D7E1CC00BFA658 /* NetworkMethod.swift */; };
		AF415F4720D7E1DA00BFA658 /* NetworkError.swift in Sources */ = {isa = PBXBuildFile; fileRef = AF415F4620D7E1DA00BFA658 /* NetworkError.swift */; };
		AF415F4C20D7E41500BFA658 /* WeatherJSONClient.swift in Sources */ = {isa = PBXBuildFile; fileRef = AF415F4B20D7E41500BFA658 /* WeatherJSONClient.swift */; };
		AF415F4E20D7EDAF00BFA658 /* WeatherJSONProtocol.swift in Sources */ = {isa = PBXBuildFile; fileRef = AF415F4D20D7EDAF00BFA658 /* WeatherJSONProtocol.swift */; };
		AF415F5020D7F18E00BFA658 /* JSONCompatible.swift in Sources */ = {isa = PBXBuildFile; fileRef = AF415F4F20D7F18E00BFA658 /* JSONCompatible.swift */; };
		AF415F5220D7F1A800BFA658 /* Weather.swift in Sources */ = {isa = PBXBuildFile; fileRef = AF415F5120D7F1A800BFA658 /* Weather.swift */; };
		AF415F5420D7F38B00BFA658 /* Clouds.swift in Sources */ = {isa = PBXBuildFile; fileRef = AF415F5320D7F38B00BFA658 /* Clouds.swift */; };
		AF415F5620D7F39900BFA658 /* Coord.swift in Sources */ = {isa = PBXBuildFile; fileRef = AF415F5520D7F39900BFA658 /* Coord.swift */; };
		AF415F5820D7F3AB00BFA658 /* Main.swift in Sources */ = {isa = PBXBuildFile; fileRef = AF415F5720D7F3AB00BFA658 /* Main.swift */; };
		AF415F5A20D7F3B800BFA658 /* Sys.swift in Sources */ = {isa = PBXBuildFile; fileRef = AF415F5920D7F3B800BFA658 /* Sys.swift */; };
		AF415F5C20D7F3D300BFA658 /* WeatherInformation.swift in Sources */ = {isa = PBXBuildFile; fileRef = AF415F5B20D7F3D300BFA658 /* WeatherInformation.swift */; };
		AF415F5E20D7F3E200BFA658 /* Wind.swift in Sources */ = {isa = PBXBuildFile; fileRef = AF415F5D20D7F3E200BFA658 /* Wind.swift */; };
		AF415F6020D7F87B00BFA658 /* WeatherInformationCell.swift in Sources */ = {isa = PBXBuildFile; fileRef = AF415F5F20D7F87B00BFA658 /* WeatherInformationCell.swift */; };
		AF415F6220D7FE3300BFA658 /* ThemeColor.swift in Sources */ = {isa = PBXBuildFile; fileRef = AF415F6120D7FE3300BFA658 /* ThemeColor.swift */; };
		AF415F6420D7FE8900BFA658 /* ActivityIndicator.swift in Sources */ = {isa = PBXBuildFile; fileRef = AF415F6320D7FE8900BFA658 /* ActivityIndicator.swift */; };
		AF415F6720D7FF0500BFA658 /* UIColor.swift in Sources */ = {isa = PBXBuildFile; fileRef = AF415F6620D7FF0500BFA658 /* UIColor.swift */; };
/* End PBXBuildFile section */

/* Begin PBXContainerItemProxy section */
		AF415F0F20D7D8D100BFA658 /* PBXContainerItemProxy */ = {
			isa = PBXContainerItemProxy;
			containerPortal = AF415EEF20D7D8CF00BFA658 /* Project object */;
			proxyType = 1;
			remoteGlobalIDString = AF415EF620D7D8CF00BFA658;
			remoteInfo = Weather;
		};
		AF415F1A20D7D8D100BFA658 /* PBXContainerItemProxy */ = {
			isa = PBXContainerItemProxy;
			containerPortal = AF415EEF20D7D8CF00BFA658 /* Project object */;
			proxyType = 1;
			remoteGlobalIDString = AF415EF620D7D8CF00BFA658;
			remoteInfo = Weather;
		};
/* End PBXContainerItemProxy section */

/* Begin PBXFileReference section */
		0971620169CF8F283B9496FA /* Pods-WeatherUITests.release.xcconfig */ = {isa = PBXFileReference; includeInIndex = 1; lastKnownFileType = text.xcconfig; name = "Pods-WeatherUITests.release.xcconfig"; path = "Pods/Target Support Files/Pods-WeatherUITests/Pods-WeatherUITests.release.xcconfig"; sourceTree = "<group>"; };
		5C6FF21CEB2B7B66A51A6FF9 /* Pods-WeatherTests.debug.xcconfig */ = {isa = PBXFileReference; includeInIndex = 1; lastKnownFileType = text.xcconfig; name = "Pods-WeatherTests.debug.xcconfig"; path = "Pods/Target Support Files/Pods-WeatherTests/Pods-WeatherTests.debug.xcconfig"; sourceTree = "<group>"; };
		5ED3617209B379770D558469 /* Pods-WeatherTests.release.xcconfig */ = {isa = PBXFileReference; includeInIndex = 1; lastKnownFileType = text.xcconfig; name = "Pods-WeatherTests.release.xcconfig"; path = "Pods/Target Support Files/Pods-WeatherTests/Pods-WeatherTests.release.xcconfig"; sourceTree = "<group>"; };
		6BF88664A3ABFE62438F35C8 /* Pods-WeatherUITests.debug.xcconfig */ = {isa = PBXFileReference; includeInIndex = 1; lastKnownFileType = text.xcconfig; name = "Pods-WeatherUITests.debug.xcconfig"; path = "Pods/Target Support Files/Pods-WeatherUITests/Pods-WeatherUITests.debug.xcconfig"; sourceTree = "<group>"; };
		8E9BCE5FBD8BF0400D25A8BB /* Pods-Weather.debug.xcconfig */ = {isa = PBXFileReference; includeInIndex = 1; lastKnownFileType = text.xcconfig; name = "Pods-Weather.debug.xcconfig"; path = "Pods/Target Support Files/Pods-Weather/Pods-Weather.debug.xcconfig"; sourceTree = "<group>"; };
		979141A1C40F53DB26479B29 /* Pods_WeatherTests.framework */ = {isa = PBXFileReference; explicitFileType = wrapper.framework; includeInIndex = 0; path = Pods_WeatherTests.framework; sourceTree = BUILT_PRODUCTS_DIR; };
		A367AB71CF6B76C00EE6A33D /* Pods-Weather.release.xcconfig */ = {isa = PBXFileReference; includeInIndex = 1; lastKnownFileType = text.xcconfig; name = "Pods-Weather.release.xcconfig"; path = "Pods/Target Support Files/Pods-Weather/Pods-Weather.release.xcconfig"; sourceTree = "<group>"; };
		AF415EF720D7D8CF00BFA658 /* Weather.app */ = {isa = PBXFileReference; explicitFileType = wrapper.application; includeInIndex = 0; path = Weather.app; sourceTree = BUILT_PRODUCTS_DIR; };
		AF415EFA20D7D8CF00BFA658 /* AppDelegate.swift */ = {isa = PBXFileReference; lastKnownFileType = sourcecode.swift; path = AppDelegate.swift; sourceTree = "<group>"; };
		AF415EFC20D7D8CF00BFA658 /* ViewController.swift */ = {isa = PBXFileReference; lastKnownFileType = sourcecode.swift; path = ViewController.swift; sourceTree = "<group>"; };
		AF415EFF20D7D8CF00BFA658 /* Base */ = {isa = PBXFileReference; lastKnownFileType = file.storyboard; name = Base; path = Base.lproj/Main.storyboard; sourceTree = "<group>"; };
		AF415F0220D7D8CF00BFA658 /* Weather.xcdatamodel */ = {isa = PBXFileReference; lastKnownFileType = wrapper.xcdatamodel; path = Weather.xcdatamodel; sourceTree = "<group>"; };
		AF415F0420D7D8D100BFA658 /* Assets.xcassets */ = {isa = PBXFileReference; lastKnownFileType = folder.assetcatalog; path = Assets.xcassets; sourceTree = "<group>"; };
		AF415F0720D7D8D100BFA658 /* Base */ = {isa = PBXFileReference; lastKnownFileType = file.storyboard; name = Base; path = Base.lproj/LaunchScreen.storyboard; sourceTree = "<group>"; };
		AF415F0920D7D8D100BFA658 /* Info.plist */ = {isa = PBXFileReference; lastKnownFileType = text.plist.xml; path = Info.plist; sourceTree = "<group>"; };
		AF415F0E20D7D8D100BFA658 /* WeatherTests.xctest */ = {isa = PBXFileReference; explicitFileType = wrapper.cfbundle; includeInIndex = 0; path = WeatherTests.xctest; sourceTree = BUILT_PRODUCTS_DIR; };
		AF415F1220D7D8D100BFA658 /* WeatherTests.swift */ = {isa = PBXFileReference; lastKnownFileType = sourcecode.swift; path = WeatherTests.swift; sourceTree = "<group>"; };
		AF415F1420D7D8D100BFA658 /* Info.plist */ = {isa = PBXFileReference; lastKnownFileType = text.plist.xml; path = Info.plist; sourceTree = "<group>"; };
		AF415F1920D7D8D100BFA658 /* WeatherUITests.xctest */ = {isa = PBXFileReference; explicitFileType = wrapper.cfbundle; includeInIndex = 0; path = WeatherUITests.xctest; sourceTree = BUILT_PRODUCTS_DIR; };
		AF415F1D20D7D8D100BFA658 /* WeatherUITests.swift */ = {isa = PBXFileReference; lastKnownFileType = sourcecode.swift; path = WeatherUITests.swift; sourceTree = "<group>"; };
		AF415F1F20D7D8D100BFA658 /* Info.plist */ = {isa = PBXFileReference; lastKnownFileType = text.plist.xml; path = Info.plist; sourceTree = "<group>"; };
		AF415F2B20D7DB3300BFA658 /* .gitignore */ = {isa = PBXFileReference; lastKnownFileType = text; path = .gitignore; sourceTree = "<group>"; };
		AF415F3720D7DCE300BFA658 /* WeatherInformationTableViewController.swift */ = {isa = PBXFileReference; lastKnownFileType = sourcecode.swift; path = WeatherInformationTableViewController.swift; sourceTree = "<group>"; };
		AF415F3C20D7E18900BFA658 /* Result.swift */ = {isa = PBXFileReference; lastKnownFileType = sourcecode.swift; path = Result.swift; sourceTree = "<group>"; };
		AF415F3E20D7E19900BFA658 /* APIManager.swift */ = {isa = PBXFileReference; lastKnownFileType = sourcecode.swift; path = APIManager.swift; sourceTree = "<group>"; };
		AF415F4020D7E1AE00BFA658 /* NetworkManager.swift */ = {isa = PBXFileReference; lastKnownFileType = sourcecode.swift; path = NetworkManager.swift; sourceTree = "<group>"; };
		AF415F4220D7E1BE00BFA658 /* NetworkEndPoint.swift */ = {isa = PBXFileReference; lastKnownFileType = sourcecode.swift; path = NetworkEndPoint.swift; sourceTree = "<group>"; };
		AF415F4420D7E1CC00BFA658 /* NetworkMethod.swift */ = {isa = PBXFileReference; lastKnownFileType = sourcecode.swift; path = NetworkMethod.swift; sourceTree = "<group>"; };
		AF415F4620D7E1DA00BFA658 /* NetworkError.swift */ = {isa = PBXFileReference; lastKnownFileType = sourcecode.swift; path = NetworkError.swift; sourceTree = "<group>"; };
		AF415F4B20D7E41500BFA658 /* WeatherJSONClient.swift */ = {isa = PBXFileReference; lastKnownFileType = sourcecode.swift; path = WeatherJSONClient.swift; sourceTree = "<group>"; };
		AF415F4D20D7EDAF00BFA658 /* WeatherJSONProtocol.swift */ = {isa = PBXFileReference; lastKnownFileType = sourcecode.swift; path = WeatherJSONProtocol.swift; sourceTree = "<group>"; };
		AF415F4F20D7F18E00BFA658 /* JSONCompatible.swift */ = {isa = PBXFileReference; lastKnownFileType = sourcecode.swift; path = JSONCompatible.swift; sourceTree = "<group>"; };
		AF415F5120D7F1A800BFA658 /* Weather.swift */ = {isa = PBXFileReference; lastKnownFileType = sourcecode.swift; path = Weather.swift; sourceTree = "<group>"; };
		AF415F5320D7F38B00BFA658 /* Clouds.swift */ = {isa = PBXFileReference; lastKnownFileType = sourcecode.swift; path = Clouds.swift; sourceTree = "<group>"; };
		AF415F5520D7F39900BFA658 /* Coord.swift */ = {isa = PBXFileReference; lastKnownFileType = sourcecode.swift; path = Coord.swift; sourceTree = "<group>"; };
		AF415F5720D7F3AB00BFA658 /* Main.swift */ = {isa = PBXFileReference; lastKnownFileType = sourcecode.swift; path = Main.swift; sourceTree = "<group>"; };
		AF415F5920D7F3B800BFA658 /* Sys.swift */ = {isa = PBXFileReference; lastKnownFileType = sourcecode.swift; path = Sys.swift; sourceTree = "<group>"; };
		AF415F5B20D7F3D300BFA658 /* WeatherInformation.swift */ = {isa = PBXFileReference; lastKnownFileType = sourcecode.swift; path = WeatherInformation.swift; sourceTree = "<group>"; };
		AF415F5D20D7F3E200BFA658 /* Wind.swift */ = {isa = PBXFileReference; lastKnownFileType = sourcecode.swift; path = Wind.swift; sourceTree = "<group>"; };
		AF415F5F20D7F87B00BFA658 /* WeatherInformationCell.swift */ = {isa = PBXFileReference; lastKnownFileType = sourcecode.swift; path = WeatherInformationCell.swift; sourceTree = "<group>"; };
		AF415F6120D7FE3300BFA658 /* ThemeColor.swift */ = {isa = PBXFileReference; lastKnownFileType = sourcecode.swift; path = ThemeColor.swift; sourceTree = "<group>"; };
		AF415F6320D7FE8900BFA658 /* ActivityIndicator.swift */ = {isa = PBXFileReference; lastKnownFileType = sourcecode.swift; path = ActivityIndicator.swift; sourceTree = "<group>"; };
		AF415F6620D7FF0500BFA658 /* UIColor.swift */ = {isa = PBXFileReference; lastKnownFileType = sourcecode.swift; path = UIColor.swift; sourceTree = "<group>"; };
		B0D8DE66C5FD53822054592F /* Pods_WeatherUITests.framework */ = {isa = PBXFileReference; explicitFileType = wrapper.framework; includeInIndex = 0; path = Pods_WeatherUITests.framework; sourceTree = BUILT_PRODUCTS_DIR; };
		D752A353B72E9D2CAEE9DE96 /* Pods_Weather.framework */ = {isa = PBXFileReference; explicitFileType = wrapper.framework; includeInIndex = 0; path = Pods_Weather.framework; sourceTree = BUILT_PRODUCTS_DIR; };
/* End PBXFileReference section */

/* Begin PBXFrameworksBuildPhase section */
		AF415EF420D7D8CF00BFA658 /* Frameworks */ = {
			isa = PBXFrameworksBuildPhase;
			buildActionMask = 2147483647;
			files = (
				126403A066DFF32279FE2730 /* Pods_Weather.framework in Frameworks */,
			);
			runOnlyForDeploymentPostprocessing = 0;
		};
		AF415F0B20D7D8D100BFA658 /* Frameworks */ = {
			isa = PBXFrameworksBuildPhase;
			buildActionMask = 2147483647;
			files = (
				61D62B6479C5F6779D58DFEA /* Pods_WeatherTests.framework in Frameworks */,
			);
			runOnlyForDeploymentPostprocessing = 0;
		};
		AF415F1620D7D8D100BFA658 /* Frameworks */ = {
			isa = PBXFrameworksBuildPhase;
			buildActionMask = 2147483647;
			files = (
				7D0E142EF70CED222501AE7F /* Pods_WeatherUITests.framework in Frameworks */,
			);
			runOnlyForDeploymentPostprocessing = 0;
		};
/* End PBXFrameworksBuildPhase section */

/* Begin PBXGroup section */
		9DD197E0F0C036A166A3352B /* Pods */ = {
			isa = PBXGroup;
			children = (
				8E9BCE5FBD8BF0400D25A8BB /* Pods-Weather.debug.xcconfig */,
				A367AB71CF6B76C00EE6A33D /* Pods-Weather.release.xcconfig */,
				5C6FF21CEB2B7B66A51A6FF9 /* Pods-WeatherTests.debug.xcconfig */,
				5ED3617209B379770D558469 /* Pods-WeatherTests.release.xcconfig */,
				6BF88664A3ABFE62438F35C8 /* Pods-WeatherUITests.debug.xcconfig */,
				0971620169CF8F283B9496FA /* Pods-WeatherUITests.release.xcconfig */,
			);
			name = Pods;
			sourceTree = "<group>";
		};
		AF415EEE20D7D8CF00BFA658 = {
			isa = PBXGroup;
			children = (
				AF415F2B20D7DB3300BFA658 /* .gitignore */,
				AF415EF920D7D8CF00BFA658 /* Weather */,
				AF415F1120D7D8D100BFA658 /* WeatherTests */,
				AF415F1C20D7D8D100BFA658 /* WeatherUITests */,
				AF415EF820D7D8CF00BFA658 /* Products */,
				9DD197E0F0C036A166A3352B /* Pods */,
				BCE14502135A507ADBF44FCA /* Frameworks */,
			);
			sourceTree = "<group>";
		};
		AF415EF820D7D8CF00BFA658 /* Products */ = {
			isa = PBXGroup;
			children = (
				AF415EF720D7D8CF00BFA658 /* Weather.app */,
				AF415F0E20D7D8D100BFA658 /* WeatherTests.xctest */,
				AF415F1920D7D8D100BFA658 /* WeatherUITests.xctest */,
			);
			name = Products;
			sourceTree = "<group>";
		};
		AF415EF920D7D8CF00BFA658 /* Weather */ = {
			isa = PBXGroup;
			children = (
				AF415F2D20D7DBB300BFA658 /* AppDelegate */,
				AF415F2E20D7DBCB00BFA658 /* Models */,
				AF415F2F20D7DBE200BFA658 /* ViewControllers */,
				AF415F3020D7DBF200BFA658 /* Views */,
				AF415F3120D7DBFC00BFA658 /* Storyboards */,
				AF415F3220D7DC0C00BFA658 /* Service */,
				AF415F3420D7DC2200BFA658 /* Util */,
				AF415F6520D7FE9700BFA658 /* Helper */,
				AF415F3320D7DC1700BFA658 /* Extension */,
				AF415F3620D7DC3600BFA658 /* Resources */,
				AF415F3520D7DC2B00BFA658 /* Constants */,
				AF415EFC20D7D8CF00BFA658 /* ViewController.swift */,
				AF415F0920D7D8D100BFA658 /* Info.plist */,
				AF415F0120D7D8CF00BFA658 /* Weather.xcdatamodeld */,
			);
			path = Weather;
			sourceTree = "<group>";
		};
		AF415F1120D7D8D100BFA658 /* WeatherTests */ = {
			isa = PBXGroup;
			children = (
				AF415F1220D7D8D100BFA658 /* WeatherTests.swift */,
				AF415F1420D7D8D100BFA658 /* Info.plist */,
			);
			path = WeatherTests;
			sourceTree = "<group>";
		};
		AF415F1C20D7D8D100BFA658 /* WeatherUITests */ = {
			isa = PBXGroup;
			children = (
				AF415F1D20D7D8D100BFA658 /* WeatherUITests.swift */,
				AF415F1F20D7D8D100BFA658 /* Info.plist */,
			);
			path = WeatherUITests;
			sourceTree = "<group>";
		};
		AF415F2D20D7DBB300BFA658 /* AppDelegate */ = {
			isa = PBXGroup;
			children = (
				AF415EFA20D7D8CF00BFA658 /* AppDelegate.swift */,
			);
			path = AppDelegate;
			sourceTree = "<group>";
		};
		AF415F2E20D7DBCB00BFA658 /* Models */ = {
			isa = PBXGroup;
			children = (
				AF415F4F20D7F18E00BFA658 /* JSONCompatible.swift */,
				AF415F5B20D7F3D300BFA658 /* WeatherInformation.swift */,
				AF415F5520D7F39900BFA658 /* Coord.swift */,
				AF415F5120D7F1A800BFA658 /* Weather.swift */,
				AF415F5720D7F3AB00BFA658 /* Main.swift */,
				AF415F5D20D7F3E200BFA658 /* Wind.swift */,
				AF415F5320D7F38B00BFA658 /* Clouds.swift */,
				AF415F5920D7F3B800BFA658 /* Sys.swift */,
			);
			path = Models;
			sourceTree = "<group>";
		};
		AF415F2F20D7DBE200BFA658 /* ViewControllers */ = {
			isa = PBXGroup;
			children = (
				AF415F3720D7DCE300BFA658 /* WeatherInformationTableViewController.swift */,
			);
			path = ViewControllers;
			sourceTree = "<group>";
		};
		AF415F3020D7DBF200BFA658 /* Views */ = {
			isa = PBXGroup;
			children = (
				AF415F5F20D7F87B00BFA658 /* WeatherInformationCell.swift */,
			);
			path = Views;
			sourceTree = "<group>";
		};
		AF415F3120D7DBFC00BFA658 /* Storyboards */ = {
			isa = PBXGroup;
			children = (
				AF415EFE20D7D8CF00BFA658 /* Main.storyboard */,
				AF415F0620D7D8D100BFA658 /* LaunchScreen.storyboard */,
			);
			path = Storyboards;
			sourceTree = "<group>";
		};
		AF415F3220D7DC0C00BFA658 /* Service */ = {
			isa = PBXGroup;
			children = (
				AF415F3920D7E14800BFA658 /* APIManager */,
				AF415F4820D7E39400BFA658 /* APIRouter */,
				AF415F3A20D7E15900BFA658 /* Result */,
				AF415F3B20D7E16E00BFA658 /* Networking */,
			);
			path = Service;
			sourceTree = "<group>";
		};
		AF415F3320D7DC1700BFA658 /* Extension */ = {
			isa = PBXGroup;
			children = (
				AF415F6620D7FF0500BFA658 /* UIColor.swift */,
			);
			path = Extension;
			sourceTree = "<group>";
		};
		AF415F3420D7DC2200BFA658 /* Util */ = {
			isa = PBXGroup;
			children = (
			);
			path = Util;
			sourceTree = "<group>";
		};
		AF415F3520D7DC2B00BFA658 /* Constants */ = {
			isa = PBXGroup;
			children = (
				AF415F6120D7FE3300BFA658 /* ThemeColor.swift */,
			);
			path = Constants;
			sourceTree = "<group>";
		};
		AF415F3620D7DC3600BFA658 /* Resources */ = {
			isa = PBXGroup;
			children = (
				AF415F0420D7D8D100BFA658 /* Assets.xcassets */,
			);
			path = Resources;
			sourceTree = "<group>";
		};
		AF415F3920D7E14800BFA658 /* APIManager */ = {
			isa = PBXGroup;
			children = (
				AF415F3E20D7E19900BFA658 /* APIManager.swift */,
			);
			path = APIManager;
			sourceTree = "<group>";
		};
		AF415F3A20D7E15900BFA658 /* Result */ = {
			isa = PBXGroup;
			children = (
				AF415F3C20D7E18900BFA658 /* Result.swift */,
			);
			path = Result;
			sourceTree = "<group>";
		};
		AF415F3B20D7E16E00BFA658 /* Networking */ = {
			isa = PBXGroup;
			children = (
				AF415F4020D7E1AE00BFA658 /* NetworkManager.swift */,
				AF415F4220D7E1BE00BFA658 /* NetworkEndPoint.swift */,
				AF415F4420D7E1CC00BFA658 /* NetworkMethod.swift */,
				AF415F4620D7E1DA00BFA658 /* NetworkError.swift */,
			);
			path = Networking;
			sourceTree = "<group>";
		};
		AF415F4820D7E39400BFA658 /* APIRouter */ = {
			isa = PBXGroup;
			children = (
				AF415F4D20D7EDAF00BFA658 /* WeatherJSONProtocol.swift */,
				AF415F4B20D7E41500BFA658 /* WeatherJSONClient.swift */,
			);
			path = APIRouter;
			sourceTree = "<group>";
		};
		AF415F6520D7FE9700BFA658 /* Helper */ = {
			isa = PBXGroup;
			children = (
				AF415F6320D7FE8900BFA658 /* ActivityIndicator.swift */,
			);
			path = Helper;
			sourceTree = "<group>";
		};
		BCE14502135A507ADBF44FCA /* Frameworks */ = {
			isa = PBXGroup;
			children = (
				D752A353B72E9D2CAEE9DE96 /* Pods_Weather.framework */,
				979141A1C40F53DB26479B29 /* Pods_WeatherTests.framework */,
				B0D8DE66C5FD53822054592F /* Pods_WeatherUITests.framework */,
			);
			name = Frameworks;
			sourceTree = "<group>";
		};
/* End PBXGroup section */

/* Begin PBXNativeTarget section */
		AF415EF620D7D8CF00BFA658 /* Weather */ = {
			isa = PBXNativeTarget;
			buildConfigurationList = AF415F2220D7D8D100BFA658 /* Build configuration list for PBXNativeTarget "Weather" */;
			buildPhases = (
				43D8D948EC1B8E22C11550A8 /* [CP] Check Pods Manifest.lock */,
				AF415EF320D7D8CF00BFA658 /* Sources */,
				AF415EF420D7D8CF00BFA658 /* Frameworks */,
				AF415EF520D7D8CF00BFA658 /* Resources */,
				54602875E0566C0A06D4C055 /* [CP] Embed Pods Frameworks */,
			);
			buildRules = (
			);
			dependencies = (
			);
			name = Weather;
			productName = Weather;
			productReference = AF415EF720D7D8CF00BFA658 /* Weather.app */;
			productType = "com.apple.product-type.application";
		};
		AF415F0D20D7D8D100BFA658 /* WeatherTests */ = {
			isa = PBXNativeTarget;
			buildConfigurationList = AF415F2520D7D8D100BFA658 /* Build configuration list for PBXNativeTarget "WeatherTests" */;
			buildPhases = (
				472C10F537A825473F7766A5 /* [CP] Check Pods Manifest.lock */,
				AF415F0A20D7D8D100BFA658 /* Sources */,
				AF415F0B20D7D8D100BFA658 /* Frameworks */,
				AF415F0C20D7D8D100BFA658 /* Resources */,
			);
			buildRules = (
			);
			dependencies = (
				AF415F1020D7D8D100BFA658 /* PBXTargetDependency */,
			);
			name = WeatherTests;
			productName = WeatherTests;
			productReference = AF415F0E20D7D8D100BFA658 /* WeatherTests.xctest */;
			productType = "com.apple.product-type.bundle.unit-test";
		};
		AF415F1820D7D8D100BFA658 /* WeatherUITests */ = {
			isa = PBXNativeTarget;
			buildConfigurationList = AF415F2820D7D8D100BFA658 /* Build configuration list for PBXNativeTarget "WeatherUITests" */;
			buildPhases = (
				9E687B2A7E811336250667F7 /* [CP] Check Pods Manifest.lock */,
				AF415F1520D7D8D100BFA658 /* Sources */,
				AF415F1620D7D8D100BFA658 /* Frameworks */,
				AF415F1720D7D8D100BFA658 /* Resources */,
			);
			buildRules = (
			);
			dependencies = (
				AF415F1B20D7D8D100BFA658 /* PBXTargetDependency */,
			);
			name = WeatherUITests;
			productName = WeatherUITests;
			productReference = AF415F1920D7D8D100BFA658 /* WeatherUITests.xctest */;
			productType = "com.apple.product-type.bundle.ui-testing";
		};
/* End PBXNativeTarget section */

/* Begin PBXProject section */
		AF415EEF20D7D8CF00BFA658 /* Project object */ = {
			isa = PBXProject;
			attributes = {
				LastSwiftUpdateCheck = 0940;
				LastUpgradeCheck = 0940;
				ORGANIZATIONNAME = NischalHada;
				TargetAttributes = {
					AF415EF620D7D8CF00BFA658 = {
						CreatedOnToolsVersion = 9.4.1;
					};
					AF415F0D20D7D8D100BFA658 = {
						CreatedOnToolsVersion = 9.4.1;
						TestTargetID = AF415EF620D7D8CF00BFA658;
					};
					AF415F1820D7D8D100BFA658 = {
						CreatedOnToolsVersion = 9.4.1;
						TestTargetID = AF415EF620D7D8CF00BFA658;
					};
				};
			};
			buildConfigurationList = AF415EF220D7D8CF00BFA658 /* Build configuration list for PBXProject "Weather" */;
			compatibilityVersion = "Xcode 9.3";
			developmentRegion = en;
			hasScannedForEncodings = 0;
			knownRegions = (
				en,
				Base,
			);
			mainGroup = AF415EEE20D7D8CF00BFA658;
			productRefGroup = AF415EF820D7D8CF00BFA658 /* Products */;
			projectDirPath = "";
			projectRoot = "";
			targets = (
				AF415EF620D7D8CF00BFA658 /* Weather */,
				AF415F0D20D7D8D100BFA658 /* WeatherTests */,
				AF415F1820D7D8D100BFA658 /* WeatherUITests */,
			);
		};
/* End PBXProject section */

/* Begin PBXResourcesBuildPhase section */
		AF415EF520D7D8CF00BFA658 /* Resources */ = {
			isa = PBXResourcesBuildPhase;
			buildActionMask = 2147483647;
			files = (
				AF415F2C20D7DB3300BFA658 /* .gitignore in Resources */,
				AF415F0820D7D8D100BFA658 /* LaunchScreen.storyboard in Resources */,
				AF415F0520D7D8D100BFA658 /* Assets.xcassets in Resources */,
				AF415F0020D7D8CF00BFA658 /* Main.storyboard in Resources */,
			);
			runOnlyForDeploymentPostprocessing = 0;
		};
		AF415F0C20D7D8D100BFA658 /* Resources */ = {
			isa = PBXResourcesBuildPhase;
			buildActionMask = 2147483647;
			files = (
			);
			runOnlyForDeploymentPostprocessing = 0;
		};
		AF415F1720D7D8D100BFA658 /* Resources */ = {
			isa = PBXResourcesBuildPhase;
			buildActionMask = 2147483647;
			files = (
			);
			runOnlyForDeploymentPostprocessing = 0;
		};
/* End PBXResourcesBuildPhase section */

/* Begin PBXShellScriptBuildPhase section */
		43D8D948EC1B8E22C11550A8 /* [CP] Check Pods Manifest.lock */ = {
			isa = PBXShellScriptBuildPhase;
			buildActionMask = 2147483647;
			files = (
			);
			inputPaths = (
				"${PODS_PODFILE_DIR_PATH}/Podfile.lock",
				"${PODS_ROOT}/Manifest.lock",
			);
			name = "[CP] Check Pods Manifest.lock";
			outputPaths = (
				"$(DERIVED_FILE_DIR)/Pods-Weather-checkManifestLockResult.txt",
			);
			runOnlyForDeploymentPostprocessing = 0;
			shellPath = /bin/sh;
			shellScript = "diff \"${PODS_PODFILE_DIR_PATH}/Podfile.lock\" \"${PODS_ROOT}/Manifest.lock\" > /dev/null\nif [ $? != 0 ] ; then\n    # print error to STDERR\n    echo \"error: The sandbox is not in sync with the Podfile.lock. Run 'pod install' or update your CocoaPods installation.\" >&2\n    exit 1\nfi\n# This output is used by Xcode 'outputs' to avoid re-running this script phase.\necho \"SUCCESS\" > \"${SCRIPT_OUTPUT_FILE_0}\"\n";
			showEnvVarsInLog = 0;
		};
		472C10F537A825473F7766A5 /* [CP] Check Pods Manifest.lock */ = {
			isa = PBXShellScriptBuildPhase;
			buildActionMask = 2147483647;
			files = (
			);
			inputPaths = (
				"${PODS_PODFILE_DIR_PATH}/Podfile.lock",
				"${PODS_ROOT}/Manifest.lock",
			);
			name = "[CP] Check Pods Manifest.lock";
			outputPaths = (
				"$(DERIVED_FILE_DIR)/Pods-WeatherTests-checkManifestLockResult.txt",
			);
			runOnlyForDeploymentPostprocessing = 0;
			shellPath = /bin/sh;
			shellScript = "diff \"${PODS_PODFILE_DIR_PATH}/Podfile.lock\" \"${PODS_ROOT}/Manifest.lock\" > /dev/null\nif [ $? != 0 ] ; then\n    # print error to STDERR\n    echo \"error: The sandbox is not in sync with the Podfile.lock. Run 'pod install' or update your CocoaPods installation.\" >&2\n    exit 1\nfi\n# This output is used by Xcode 'outputs' to avoid re-running this script phase.\necho \"SUCCESS\" > \"${SCRIPT_OUTPUT_FILE_0}\"\n";
			showEnvVarsInLog = 0;
		};
		54602875E0566C0A06D4C055 /* [CP] Embed Pods Frameworks */ = {
			isa = PBXShellScriptBuildPhase;
			buildActionMask = 2147483647;
			files = (
			);
			inputPaths = (
				"${SRCROOT}/Pods/Target Support Files/Pods-Weather/Pods-Weather-frameworks.sh",
				"${BUILT_PRODUCTS_DIR}/Alamofire/Alamofire.framework",
			);
			name = "[CP] Embed Pods Frameworks";
			outputPaths = (
				"${TARGET_BUILD_DIR}/${FRAMEWORKS_FOLDER_PATH}/Alamofire.framework",
			);
			runOnlyForDeploymentPostprocessing = 0;
			shellPath = /bin/sh;
			shellScript = "\"${SRCROOT}/Pods/Target Support Files/Pods-Weather/Pods-Weather-frameworks.sh\"\n";
			showEnvVarsInLog = 0;
		};
		9E687B2A7E811336250667F7 /* [CP] Check Pods Manifest.lock */ = {
			isa = PBXShellScriptBuildPhase;
			buildActionMask = 2147483647;
			files = (
			);
			inputPaths = (
				"${PODS_PODFILE_DIR_PATH}/Podfile.lock",
				"${PODS_ROOT}/Manifest.lock",
			);
			name = "[CP] Check Pods Manifest.lock";
			outputPaths = (
				"$(DERIVED_FILE_DIR)/Pods-WeatherUITests-checkManifestLockResult.txt",
			);
			runOnlyForDeploymentPostprocessing = 0;
			shellPath = /bin/sh;
			shellScript = "diff \"${PODS_PODFILE_DIR_PATH}/Podfile.lock\" \"${PODS_ROOT}/Manifest.lock\" > /dev/null\nif [ $? != 0 ] ; then\n    # print error to STDERR\n    echo \"error: The sandbox is not in sync with the Podfile.lock. Run 'pod install' or update your CocoaPods installation.\" >&2\n    exit 1\nfi\n# This output is used by Xcode 'outputs' to avoid re-running this script phase.\necho \"SUCCESS\" > \"${SCRIPT_OUTPUT_FILE_0}\"\n";
			showEnvVarsInLog = 0;
		};
/* End PBXShellScriptBuildPhase section */

/* Begin PBXSourcesBuildPhase section */
		AF415EF320D7D8CF00BFA658 /* Sources */ = {
			isa = PBXSourcesBuildPhase;
			buildActionMask = 2147483647;
			files = (
				AF415F6020D7F87B00BFA658 /* WeatherInformationCell.swift in Sources */,
				AF415F3F20D7E19900BFA658 /* APIManager.swift in Sources */,
				AF415F0320D7D8CF00BFA658 /* Weather.xcdatamodeld in Sources */,
				AF415F3D20D7E18900BFA658 /* Result.swift in Sources */,
				AF415F4320D7E1BE00BFA658 /* NetworkEndPoint.swift in Sources */,
				AF415F4120D7E1AE00BFA658 /* NetworkManager.swift in Sources */,
				AF415F5820D7F3AB00BFA658 /* Main.swift in Sources */,
				AF415EFD20D7D8CF00BFA658 /* ViewController.swift in Sources */,
				AF415F5220D7F1A800BFA658 /* Weather.swift in Sources */,
				AF415EFB20D7D8CF00BFA658 /* AppDelegate.swift in Sources */,
				AF415F4520D7E1CC00BFA658 /* NetworkMethod.swift in Sources */,
				AF415F5420D7F38B00BFA658 /* Clouds.swift in Sources */,
				AF415F6420D7FE8900BFA658 /* ActivityIndicator.swift in Sources */,
				AF415F6720D7FF0500BFA658 /* UIColor.swift in Sources */,
				AF415F5E20D7F3E200BFA658 /* Wind.swift in Sources */,
				AF415F4E20D7EDAF00BFA658 /* WeatherJSONProtocol.swift in Sources */,
				AF415F3820D7DCE300BFA658 /* WeatherInformationTableViewController.swift in Sources */,
				AF415F4720D7E1DA00BFA658 /* NetworkError.swift in Sources */,
				AF415F5C20D7F3D300BFA658 /* WeatherInformation.swift in Sources */,
				AF415F6220D7FE3300BFA658 /* ThemeColor.swift in Sources */,
				AF415F5620D7F39900BFA658 /* Coord.swift in Sources */,
				AF415F4C20D7E41500BFA658 /* WeatherJSONClient.swift in Sources */,
				AF415F5020D7F18E00BFA658 /* JSONCompatible.swift in Sources */,
				AF415F5A20D7F3B800BFA658 /* Sys.swift in Sources */,
			);
			runOnlyForDeploymentPostprocessing = 0;
		};
		AF415F0A20D7D8D100BFA658 /* Sources */ = {
			isa = PBXSourcesBuildPhase;
			buildActionMask = 2147483647;
			files = (
				AF415F1320D7D8D100BFA658 /* WeatherTests.swift in Sources */,
			);
			runOnlyForDeploymentPostprocessing = 0;
		};
		AF415F1520D7D8D100BFA658 /* Sources */ = {
			isa = PBXSourcesBuildPhase;
			buildActionMask = 2147483647;
			files = (
				AF415F1E20D7D8D100BFA658 /* WeatherUITests.swift in Sources */,
			);
			runOnlyForDeploymentPostprocessing = 0;
		};
/* End PBXSourcesBuildPhase section */

/* Begin PBXTargetDependency section */
		AF415F1020D7D8D100BFA658 /* PBXTargetDependency */ = {
			isa = PBXTargetDependency;
			target = AF415EF620D7D8CF00BFA658 /* Weather */;
			targetProxy = AF415F0F20D7D8D100BFA658 /* PBXContainerItemProxy */;
		};
		AF415F1B20D7D8D100BFA658 /* PBXTargetDependency */ = {
			isa = PBXTargetDependency;
			target = AF415EF620D7D8CF00BFA658 /* Weather */;
			targetProxy = AF415F1A20D7D8D100BFA658 /* PBXContainerItemProxy */;
		};
/* End PBXTargetDependency section */

/* Begin PBXVariantGroup section */
		AF415EFE20D7D8CF00BFA658 /* Main.storyboard */ = {
			isa = PBXVariantGroup;
			children = (
				AF415EFF20D7D8CF00BFA658 /* Base */,
			);
			name = Main.storyboard;
			sourceTree = "<group>";
		};
		AF415F0620D7D8D100BFA658 /* LaunchScreen.storyboard */ = {
			isa = PBXVariantGroup;
			children = (
				AF415F0720D7D8D100BFA658 /* Base */,
			);
			name = LaunchScreen.storyboard;
			sourceTree = "<group>";
		};
/* End PBXVariantGroup section */

/* Begin XCBuildConfiguration section */
		AF415F2020D7D8D100BFA658 /* Debug */ = {
			isa = XCBuildConfiguration;
			buildSettings = {
				ALWAYS_SEARCH_USER_PATHS = NO;
				CLANG_ANALYZER_NONNULL = YES;
				CLANG_ANALYZER_NUMBER_OBJECT_CONVERSION = YES_AGGRESSIVE;
				CLANG_CXX_LANGUAGE_STANDARD = "gnu++14";
				CLANG_CXX_LIBRARY = "libc++";
				CLANG_ENABLE_MODULES = YES;
				CLANG_ENABLE_OBJC_ARC = YES;
				CLANG_ENABLE_OBJC_WEAK = YES;
				CLANG_WARN_BLOCK_CAPTURE_AUTORELEASING = YES;
				CLANG_WARN_BOOL_CONVERSION = YES;
				CLANG_WARN_COMMA = YES;
				CLANG_WARN_CONSTANT_CONVERSION = YES;
				CLANG_WARN_DEPRECATED_OBJC_IMPLEMENTATIONS = YES;
				CLANG_WARN_DIRECT_OBJC_ISA_USAGE = YES_ERROR;
				CLANG_WARN_DOCUMENTATION_COMMENTS = YES;
				CLANG_WARN_EMPTY_BODY = YES;
				CLANG_WARN_ENUM_CONVERSION = YES;
				CLANG_WARN_INFINITE_RECURSION = YES;
				CLANG_WARN_INT_CONVERSION = YES;
				CLANG_WARN_NON_LITERAL_NULL_CONVERSION = YES;
				CLANG_WARN_OBJC_IMPLICIT_RETAIN_SELF = YES;
				CLANG_WARN_OBJC_LITERAL_CONVERSION = YES;
				CLANG_WARN_OBJC_ROOT_CLASS = YES_ERROR;
				CLANG_WARN_RANGE_LOOP_ANALYSIS = YES;
				CLANG_WARN_STRICT_PROTOTYPES = YES;
				CLANG_WARN_SUSPICIOUS_MOVE = YES;
				CLANG_WARN_UNGUARDED_AVAILABILITY = YES_AGGRESSIVE;
				CLANG_WARN_UNREACHABLE_CODE = YES;
				CLANG_WARN__DUPLICATE_METHOD_MATCH = YES;
				CODE_SIGN_IDENTITY = "iPhone Developer";
				COPY_PHASE_STRIP = NO;
				DEBUG_INFORMATION_FORMAT = dwarf;
				ENABLE_STRICT_OBJC_MSGSEND = YES;
				ENABLE_TESTABILITY = YES;
				GCC_C_LANGUAGE_STANDARD = gnu11;
				GCC_DYNAMIC_NO_PIC = NO;
				GCC_NO_COMMON_BLOCKS = YES;
				GCC_OPTIMIZATION_LEVEL = 0;
				GCC_PREPROCESSOR_DEFINITIONS = (
					"DEBUG=1",
					"$(inherited)",
				);
				GCC_WARN_64_TO_32_BIT_CONVERSION = YES;
				GCC_WARN_ABOUT_RETURN_TYPE = YES_ERROR;
				GCC_WARN_UNDECLARED_SELECTOR = YES;
				GCC_WARN_UNINITIALIZED_AUTOS = YES_AGGRESSIVE;
				GCC_WARN_UNUSED_FUNCTION = YES;
				GCC_WARN_UNUSED_VARIABLE = YES;
				IPHONEOS_DEPLOYMENT_TARGET = 11.4;
				MTL_ENABLE_DEBUG_INFO = YES;
				ONLY_ACTIVE_ARCH = YES;
				SDKROOT = iphoneos;
				SWIFT_ACTIVE_COMPILATION_CONDITIONS = DEBUG;
				SWIFT_OPTIMIZATION_LEVEL = "-Onone";
			};
			name = Debug;
		};
		AF415F2120D7D8D100BFA658 /* Release */ = {
			isa = XCBuildConfiguration;
			buildSettings = {
				ALWAYS_SEARCH_USER_PATHS = NO;
				CLANG_ANALYZER_NONNULL = YES;
				CLANG_ANALYZER_NUMBER_OBJECT_CONVERSION = YES_AGGRESSIVE;
				CLANG_CXX_LANGUAGE_STANDARD = "gnu++14";
				CLANG_CXX_LIBRARY = "libc++";
				CLANG_ENABLE_MODULES = YES;
				CLANG_ENABLE_OBJC_ARC = YES;
				CLANG_ENABLE_OBJC_WEAK = YES;
				CLANG_WARN_BLOCK_CAPTURE_AUTORELEASING = YES;
				CLANG_WARN_BOOL_CONVERSION = YES;
				CLANG_WARN_COMMA = YES;
				CLANG_WARN_CONSTANT_CONVERSION = YES;
				CLANG_WARN_DEPRECATED_OBJC_IMPLEMENTATIONS = YES;
				CLANG_WARN_DIRECT_OBJC_ISA_USAGE = YES_ERROR;
				CLANG_WARN_DOCUMENTATION_COMMENTS = YES;
				CLANG_WARN_EMPTY_BODY = YES;
				CLANG_WARN_ENUM_CONVERSION = YES;
				CLANG_WARN_INFINITE_RECURSION = YES;
				CLANG_WARN_INT_CONVERSION = YES;
				CLANG_WARN_NON_LITERAL_NULL_CONVERSION = YES;
				CLANG_WARN_OBJC_IMPLICIT_RETAIN_SELF = YES;
				CLANG_WARN_OBJC_LITERAL_CONVERSION = YES;
				CLANG_WARN_OBJC_ROOT_CLASS = YES_ERROR;
				CLANG_WARN_RANGE_LOOP_ANALYSIS = YES;
				CLANG_WARN_STRICT_PROTOTYPES = YES;
				CLANG_WARN_SUSPICIOUS_MOVE = YES;
				CLANG_WARN_UNGUARDED_AVAILABILITY = YES_AGGRESSIVE;
				CLANG_WARN_UNREACHABLE_CODE = YES;
				CLANG_WARN__DUPLICATE_METHOD_MATCH = YES;
				CODE_SIGN_IDENTITY = "iPhone Developer";
				COPY_PHASE_STRIP = NO;
				DEBUG_INFORMATION_FORMAT = "dwarf-with-dsym";
				ENABLE_NS_ASSERTIONS = NO;
				ENABLE_STRICT_OBJC_MSGSEND = YES;
				GCC_C_LANGUAGE_STANDARD = gnu11;
				GCC_NO_COMMON_BLOCKS = YES;
				GCC_WARN_64_TO_32_BIT_CONVERSION = YES;
				GCC_WARN_ABOUT_RETURN_TYPE = YES_ERROR;
				GCC_WARN_UNDECLARED_SELECTOR = YES;
				GCC_WARN_UNINITIALIZED_AUTOS = YES_AGGRESSIVE;
				GCC_WARN_UNUSED_FUNCTION = YES;
				GCC_WARN_UNUSED_VARIABLE = YES;
				IPHONEOS_DEPLOYMENT_TARGET = 11.4;
				MTL_ENABLE_DEBUG_INFO = NO;
				SDKROOT = iphoneos;
				SWIFT_COMPILATION_MODE = wholemodule;
				SWIFT_OPTIMIZATION_LEVEL = "-O";
				VALIDATE_PRODUCT = YES;
			};
			name = Release;
		};
		AF415F2320D7D8D100BFA658 /* Debug */ = {
			isa = XCBuildConfiguration;
			baseConfigurationReference = 8E9BCE5FBD8BF0400D25A8BB /* Pods-Weather.debug.xcconfig */;
			buildSettings = {
				ASSETCATALOG_COMPILER_APPICON_NAME = AppIcon;
				CODE_SIGN_STYLE = Automatic;
				INFOPLIST_FILE = Weather/Info.plist;
				IPHONEOS_DEPLOYMENT_TARGET = 11.4;
				LD_RUNPATH_SEARCH_PATHS = (
					"$(inherited)",
					"@executable_path/Frameworks",
				);
				PRODUCT_BUNDLE_IDENTIFIER = Nischalhada.Weather;
				PRODUCT_NAME = "$(TARGET_NAME)";
				SWIFT_VERSION = 4.0;
				TARGETED_DEVICE_FAMILY = "1,2";
			};
			name = Debug;
		};
		AF415F2420D7D8D100BFA658 /* Release */ = {
			isa = XCBuildConfiguration;
			baseConfigurationReference = A367AB71CF6B76C00EE6A33D /* Pods-Weather.release.xcconfig */;
			buildSettings = {
				ASSETCATALOG_COMPILER_APPICON_NAME = AppIcon;
				CODE_SIGN_STYLE = Automatic;
				INFOPLIST_FILE = Weather/Info.plist;
				IPHONEOS_DEPLOYMENT_TARGET = 11.4;
				LD_RUNPATH_SEARCH_PATHS = (
					"$(inherited)",
					"@executable_path/Frameworks",
				);
				PRODUCT_BUNDLE_IDENTIFIER = Nischalhada.Weather;
				PRODUCT_NAME = "$(TARGET_NAME)";
				SWIFT_VERSION = 4.0;
				TARGETED_DEVICE_FAMILY = "1,2";
			};
			name = Release;
		};
		AF415F2620D7D8D100BFA658 /* Debug */ = {
			isa = XCBuildConfiguration;
			baseConfigurationReference = 5C6FF21CEB2B7B66A51A6FF9 /* Pods-WeatherTests.debug.xcconfig */;
			buildSettings = {
				ALWAYS_EMBED_SWIFT_STANDARD_LIBRARIES = YES;
				BUNDLE_LOADER = "$(TEST_HOST)";
				CODE_SIGN_STYLE = Automatic;
				INFOPLIST_FILE = WeatherTests/Info.plist;
				LD_RUNPATH_SEARCH_PATHS = (
					"$(inherited)",
					"@executable_path/Frameworks",
					"@loader_path/Frameworks",
				);
				PRODUCT_BUNDLE_IDENTIFIER = Nischalhada.WeatherTests;
				PRODUCT_NAME = "$(TARGET_NAME)";
				SWIFT_VERSION = 4.0;
				TARGETED_DEVICE_FAMILY = "1,2";
				TEST_HOST = "$(BUILT_PRODUCTS_DIR)/Weather.app/Weather";
			};
			name = Debug;
		};
		AF415F2720D7D8D100BFA658 /* Release */ = {
			isa = XCBuildConfiguration;
			baseConfigurationReference = 5ED3617209B379770D558469 /* Pods-WeatherTests.release.xcconfig */;
			buildSettings = {
				ALWAYS_EMBED_SWIFT_STANDARD_LIBRARIES = YES;
				BUNDLE_LOADER = "$(TEST_HOST)";
				CODE_SIGN_STYLE = Automatic;
				INFOPLIST_FILE = WeatherTests/Info.plist;
				LD_RUNPATH_SEARCH_PATHS = (
					"$(inherited)",
					"@executable_path/Frameworks",
					"@loader_path/Frameworks",
				);
				PRODUCT_BUNDLE_IDENTIFIER = Nischalhada.WeatherTests;
				PRODUCT_NAME = "$(TARGET_NAME)";
				SWIFT_VERSION = 4.0;
				TARGETED_DEVICE_FAMILY = "1,2";
				TEST_HOST = "$(BUILT_PRODUCTS_DIR)/Weather.app/Weather";
			};
			name = Release;
		};
		AF415F2920D7D8D100BFA658 /* Debug */ = {
			isa = XCBuildConfiguration;
			baseConfigurationReference = 6BF88664A3ABFE62438F35C8 /* Pods-WeatherUITests.debug.xcconfig */;
			buildSettings = {
				ALWAYS_EMBED_SWIFT_STANDARD_LIBRARIES = YES;
				CODE_SIGN_STYLE = Automatic;
				INFOPLIST_FILE = WeatherUITests/Info.plist;
				LD_RUNPATH_SEARCH_PATHS = (
					"$(inherited)",
					"@executable_path/Frameworks",
					"@loader_path/Frameworks",
				);
				PRODUCT_BUNDLE_IDENTIFIER = Nischalhada.WeatherUITests;
				PRODUCT_NAME = "$(TARGET_NAME)";
				SWIFT_VERSION = 4.0;
				TARGETED_DEVICE_FAMILY = "1,2";
				TEST_TARGET_NAME = Weather;
			};
			name = Debug;
		};
		AF415F2A20D7D8D100BFA658 /* Release */ = {
			isa = XCBuildConfiguration;
			baseConfigurationReference = 0971620169CF8F283B9496FA /* Pods-WeatherUITests.release.xcconfig */;
			buildSettings = {
				ALWAYS_EMBED_SWIFT_STANDARD_LIBRARIES = YES;
				CODE_SIGN_STYLE = Automatic;
				INFOPLIST_FILE = WeatherUITests/Info.plist;
				LD_RUNPATH_SEARCH_PATHS = (
					"$(inherited)",
					"@executable_path/Frameworks",
					"@loader_path/Frameworks",
				);
				PRODUCT_BUNDLE_IDENTIFIER = Nischalhada.WeatherUITests;
				PRODUCT_NAME = "$(TARGET_NAME)";
				SWIFT_VERSION = 4.0;
				TARGETED_DEVICE_FAMILY = "1,2";
				TEST_TARGET_NAME = Weather;
			};
			name = Release;
		};
/* End XCBuildConfiguration section */

/* Begin XCConfigurationList section */
		AF415EF220D7D8CF00BFA658 /* Build configuration list for PBXProject "Weather" */ = {
			isa = XCConfigurationList;
			buildConfigurations = (
				AF415F2020D7D8D100BFA658 /* Debug */,
				AF415F2120D7D8D100BFA658 /* Release */,
			);
			defaultConfigurationIsVisible = 0;
			defaultConfigurationName = Release;
		};
		AF415F2220D7D8D100BFA658 /* Build configuration list for PBXNativeTarget "Weather" */ = {
			isa = XCConfigurationList;
			buildConfigurations = (
				AF415F2320D7D8D100BFA658 /* Debug */,
				AF415F2420D7D8D100BFA658 /* Release */,
			);
			defaultConfigurationIsVisible = 0;
			defaultConfigurationName = Release;
		};
		AF415F2520D7D8D100BFA658 /* Build configuration list for PBXNativeTarget "WeatherTests" */ = {
			isa = XCConfigurationList;
			buildConfigurations = (
				AF415F2620D7D8D100BFA658 /* Debug */,
				AF415F2720D7D8D100BFA658 /* Release */,
			);
			defaultConfigurationIsVisible = 0;
			defaultConfigurationName = Release;
		};
		AF415F2820D7D8D100BFA658 /* Build configuration list for PBXNativeTarget "WeatherUITests" */ = {
			isa = XCConfigurationList;
			buildConfigurations = (
				AF415F2920D7D8D100BFA658 /* Debug */,
				AF415F2A20D7D8D100BFA658 /* Release */,
			);
			defaultConfigurationIsVisible = 0;
			defaultConfigurationName = Release;
		};
/* End XCConfigurationList section */

/* Begin XCVersionGroup section */
		AF415F0120D7D8CF00BFA658 /* Weather.xcdatamodeld */ = {
			isa = XCVersionGroup;
			children = (
				AF415F0220D7D8CF00BFA658 /* Weather.xcdatamodel */,
			);
			currentVersion = AF415F0220D7D8CF00BFA658 /* Weather.xcdatamodel */;
			path = Weather.xcdatamodeld;
			sourceTree = "<group>";
			versionGroupType = wrapper.xcdatamodel;
		};
/* End XCVersionGroup section */
	};
	rootObject = AF415EEF20D7D8CF00BFA658 /* Project object */;
}
